// !$*UTF8*$!
{
	archiveVersion = 1;
	classes = {
	};
	objectVersion = 55;
	objects = {

/* Begin PBXBuildFile section */
		FB5ED80C28233F2400A691BA /* HechoCompleto.swift in Sources */ = {isa = PBXBuildFile; fileRef = FB5ED80528233F2300A691BA /* HechoCompleto.swift */; };
		FB5ED80D28233F2400A691BA /* PedidoPendiente.swift in Sources */ = {isa = PBXBuildFile; fileRef = FB5ED80628233F2300A691BA /* PedidoPendiente.swift */; };
		FB5ED80E28233F2400A691BA /* ParoElement.swift in Sources */ = {isa = PBXBuildFile; fileRef = FB5ED80728233F2300A691BA /* ParoElement.swift */; };
		FB5ED80F28233F2400A691BA /* PedidoCompleto.swift in Sources */ = {isa = PBXBuildFile; fileRef = FB5ED80828233F2400A691BA /* PedidoCompleto.swift */; };
		FB5ED81028233F2400A691BA /* DetalleFavor.swift in Sources */ = {isa = PBXBuildFile; fileRef = FB5ED80928233F2400A691BA /* DetalleFavor.swift */; };
		FB5ED81128233F2400A691BA /* HechoPendiente.swift in Sources */ = {isa = PBXBuildFile; fileRef = FB5ED80A28233F2400A691BA /* HechoPendiente.swift */; };
		FB5ED81228233F2400A691BA /* ElementoListaParo.swift in Sources */ = {isa = PBXBuildFile; fileRef = FB5ED80B28233F2400A691BA /* ElementoListaParo.swift */; };
		FBDE7FDF2821E74300ABBB4D /* HazParoAnahuacApp.swift in Sources */ = {isa = PBXBuildFile; fileRef = FBDE7FDE2821E74300ABBB4D /* HazParoAnahuacApp.swift */; };
		FBDE7FE12821E74300ABBB4D /* ContentView.swift in Sources */ = {isa = PBXBuildFile; fileRef = FBDE7FE02821E74300ABBB4D /* ContentView.swift */; };
		FBDE7FE32821E74D00ABBB4D /* Assets.xcassets in Resources */ = {isa = PBXBuildFile; fileRef = FBDE7FE22821E74D00ABBB4D /* Assets.xcassets */; };
		FBDE7FE62821E74D00ABBB4D /* Preview Assets.xcassets in Resources */ = {isa = PBXBuildFile; fileRef = FBDE7FE52821E74D00ABBB4D /* Preview Assets.xcassets */; };
		FBDE7FED2821ED9400ABBB4D /* Login.swift in Sources */ = {isa = PBXBuildFile; fileRef = FBDE7FEC2821ED9400ABBB4D /* Login.swift */; };
		FBDE7FEF2821F34C00ABBB4D /* Registrar.swift in Sources */ = {isa = PBXBuildFile; fileRef = FBDE7FEE2821F34C00ABBB4D /* Registrar.swift */; };
		FBDE7FF12821F5A100ABBB4D /* FeedFavores.swift in Sources */ = {isa = PBXBuildFile; fileRef = FBDE7FF02821F5A100ABBB4D /* FeedFavores.swift */; };
		FBDE7FF32821F5C300ABBB4D /* NavegacionPrincipal.swift in Sources */ = {isa = PBXBuildFile; fileRef = FBDE7FF22821F5C300ABBB4D /* NavegacionPrincipal.swift */; };
		FBDE7FF52823379C00ABBB4D /* Perfil.swift in Sources */ = {isa = PBXBuildFile; fileRef = FBDE7FF42823379C00ABBB4D /* Perfil.swift */; };
/* End PBXBuildFile section */

/* Begin PBXFileReference section */
		FB5ED80528233F2300A691BA /* HechoCompleto.swift */ = {isa = PBXFileReference; fileEncoding = 4; lastKnownFileType = sourcecode.swift; name = HechoCompleto.swift; path = ../../../../Desktop/HechoCompleto.swift; sourceTree = "<group>"; };
		FB5ED80628233F2300A691BA /* PedidoPendiente.swift */ = {isa = PBXFileReference; fileEncoding = 4; lastKnownFileType = sourcecode.swift; name = PedidoPendiente.swift; path = ../../../../Desktop/PedidoPendiente.swift; sourceTree = "<group>"; };
		FB5ED80728233F2300A691BA /* ParoElement.swift */ = {isa = PBXFileReference; fileEncoding = 4; lastKnownFileType = sourcecode.swift; name = ParoElement.swift; path = ../../../../Desktop/ParoElement.swift; sourceTree = "<group>"; };
		FB5ED80828233F2400A691BA /* PedidoCompleto.swift */ = {isa = PBXFileReference; fileEncoding = 4; lastKnownFileType = sourcecode.swift; name = PedidoCompleto.swift; path = ../../../../Desktop/PedidoCompleto.swift; sourceTree = "<group>"; };
		FB5ED80928233F2400A691BA /* DetalleFavor.swift */ = {isa = PBXFileReference; fileEncoding = 4; lastKnownFileType = sourcecode.swift; name = DetalleFavor.swift; path = ../../../../Desktop/DetalleFavor.swift; sourceTree = "<group>"; };
		FB5ED80A28233F2400A691BA /* HechoPendiente.swift */ = {isa = PBXFileReference; fileEncoding = 4; lastKnownFileType = sourcecode.swift; name = HechoPendiente.swift; path = ../../../../Desktop/HechoPendiente.swift; sourceTree = "<group>"; };
		FB5ED80B28233F2400A691BA /* ElementoListaParo.swift */ = {isa = PBXFileReference; fileEncoding = 4; lastKnownFileType = sourcecode.swift; name = ElementoListaParo.swift; path = ../../../../Desktop/ElementoListaParo.swift; sourceTree = "<group>"; };
		FBDE7FDB2821E74300ABBB4D /* HazParoAnahuac.app */ = {isa = PBXFileReference; explicitFileType = wrapper.application; includeInIndex = 0; path = HazParoAnahuac.app; sourceTree = BUILT_PRODUCTS_DIR; };
		FBDE7FDE2821E74300ABBB4D /* HazParoAnahuacApp.swift */ = {isa = PBXFileReference; lastKnownFileType = sourcecode.swift; path = HazParoAnahuacApp.swift; sourceTree = "<group>"; };
		FBDE7FE02821E74300ABBB4D /* ContentView.swift */ = {isa = PBXFileReference; lastKnownFileType = sourcecode.swift; path = ContentView.swift; sourceTree = "<group>"; };
		FBDE7FE22821E74D00ABBB4D /* Assets.xcassets */ = {isa = PBXFileReference; lastKnownFileType = folder.assetcatalog; path = Assets.xcassets; sourceTree = "<group>"; };
		FBDE7FE52821E74D00ABBB4D /* Preview Assets.xcassets */ = {isa = PBXFileReference; lastKnownFileType = folder.assetcatalog; path = "Preview Assets.xcassets"; sourceTree = "<group>"; };
		FBDE7FEC2821ED9400ABBB4D /* Login.swift */ = {isa = PBXFileReference; lastKnownFileType = sourcecode.swift; path = Login.swift; sourceTree = "<group>"; };
		FBDE7FEE2821F34C00ABBB4D /* Registrar.swift */ = {isa = PBXFileReference; lastKnownFileType = sourcecode.swift; path = Registrar.swift; sourceTree = "<group>"; };
		FBDE7FF02821F5A100ABBB4D /* FeedFavores.swift */ = {isa = PBXFileReference; lastKnownFileType = sourcecode.swift; path = FeedFavores.swift; sourceTree = "<group>"; };
		FBDE7FF22821F5C300ABBB4D /* NavegacionPrincipal.swift */ = {isa = PBXFileReference; lastKnownFileType = sourcecode.swift; path = NavegacionPrincipal.swift; sourceTree = "<group>"; };
		FBDE7FF42823379C00ABBB4D /* Perfil.swift */ = {isa = PBXFileReference; lastKnownFileType = sourcecode.swift; path = Perfil.swift; sourceTree = "<group>"; };
/* End PBXFileReference section */

/* Begin PBXFrameworksBuildPhase section */
		FBDE7FD82821E74300ABBB4D /* Frameworks */ = {
			isa = PBXFrameworksBuildPhase;
			buildActionMask = 2147483647;
			files = (
			);
			runOnlyForDeploymentPostprocessing = 0;
		};
/* End PBXFrameworksBuildPhase section */

/* Begin PBXGroup section */
		FBDE7FD22821E74300ABBB4D = {
			isa = PBXGroup;
			children = (
				FBDE7FDD2821E74300ABBB4D /* HazParoAnahuac */,
				FBDE7FDC2821E74300ABBB4D /* Products */,
			);
			sourceTree = "<group>";
		};
		FBDE7FDC2821E74300ABBB4D /* Products */ = {
			isa = PBXGroup;
			children = (
				FBDE7FDB2821E74300ABBB4D /* HazParoAnahuac.app */,
			);
			name = Products;
			sourceTree = "<group>";
		};
		FBDE7FDD2821E74300ABBB4D /* HazParoAnahuac */ = {
			isa = PBXGroup;
			children = (
				FBDE7FDE2821E74300ABBB4D /* HazParoAnahuacApp.swift */,
				FBDE7FE02821E74300ABBB4D /* ContentView.swift */,
				FBDE7FE22821E74D00ABBB4D /* Assets.xcassets */,
				FBDE7FE42821E74D00ABBB4D /* Preview Content */,
				FBDE7FEC2821ED9400ABBB4D /* Login.swift */,
				FBDE7FEE2821F34C00ABBB4D /* Registrar.swift */,
				FBDE7FF02821F5A100ABBB4D /* FeedFavores.swift */,
				FBDE7FF22821F5C300ABBB4D /* NavegacionPrincipal.swift */,
				FBDE7FF42823379C00ABBB4D /* Perfil.swift */,
				FB5ED80928233F2400A691BA /* DetalleFavor.swift */,
				FB5ED80B28233F2400A691BA /* ElementoListaParo.swift */,
				FB5ED80528233F2300A691BA /* HechoCompleto.swift */,
				FB5ED80A28233F2400A691BA /* HechoPendiente.swift */,
				FB5ED80728233F2300A691BA /* ParoElement.swift */,
				FB5ED80828233F2400A691BA /* PedidoCompleto.swift */,
				FB5ED80628233F2300A691BA /* PedidoPendiente.swift */,
			);
			path = HazParoAnahuac;
			sourceTree = "<group>";
		};
		FBDE7FE42821E74D00ABBB4D /* Preview Content */ = {
			isa = PBXGroup;
			children = (
				FBDE7FE52821E74D00ABBB4D /* Preview Assets.xcassets */,
			);
			path = "Preview Content";
			sourceTree = "<group>";
		};
/* End PBXGroup section */

/* Begin PBXNativeTarget section */
		FBDE7FDA2821E74300ABBB4D /* HazParoAnahuac */ = {
			isa = PBXNativeTarget;
			buildConfigurationList = FBDE7FE92821E74D00ABBB4D /* Build configuration list for PBXNativeTarget "HazParoAnahuac" */;
			buildPhases = (
				FBDE7FD72821E74300ABBB4D /* Sources */,
				FBDE7FD82821E74300ABBB4D /* Frameworks */,
				FBDE7FD92821E74300ABBB4D /* Resources */,
			);
			buildRules = (
			);
			dependencies = (
			);
			name = HazParoAnahuac;
			productName = HazParoAnahuac;
			productReference = FBDE7FDB2821E74300ABBB4D /* HazParoAnahuac.app */;
			productType = "com.apple.product-type.application";
		};
/* End PBXNativeTarget section */

/* Begin PBXProject section */
		FBDE7FD32821E74300ABBB4D /* Project object */ = {
			isa = PBXProject;
			attributes = {
				BuildIndependentTargetsInParallel = 1;
				LastSwiftUpdateCheck = 1320;
				LastUpgradeCheck = 1320;
				TargetAttributes = {
					FBDE7FDA2821E74300ABBB4D = {
						CreatedOnToolsVersion = 13.2.1;
					};
				};
			};
			buildConfigurationList = FBDE7FD62821E74300ABBB4D /* Build configuration list for PBXProject "HazParoAnahuac" */;
			compatibilityVersion = "Xcode 13.0";
			developmentRegion = en;
			hasScannedForEncodings = 0;
			knownRegions = (
				en,
				Base,
			);
			mainGroup = FBDE7FD22821E74300ABBB4D;
			productRefGroup = FBDE7FDC2821E74300ABBB4D /* Products */;
			projectDirPath = "";
			projectRoot = "";
			targets = (
				FBDE7FDA2821E74300ABBB4D /* HazParoAnahuac */,
			);
		};
/* End PBXProject section */

/* Begin PBXResourcesBuildPhase section */
		FBDE7FD92821E74300ABBB4D /* Resources */ = {
			isa = PBXResourcesBuildPhase;
			buildActionMask = 2147483647;
			files = (
				FBDE7FE62821E74D00ABBB4D /* Preview Assets.xcassets in Resources */,
				FBDE7FE32821E74D00ABBB4D /* Assets.xcassets in Resources */,
			);
			runOnlyForDeploymentPostprocessing = 0;
		};
/* End PBXResourcesBuildPhase section */

/* Begin PBXSourcesBuildPhase section */
		FBDE7FD72821E74300ABBB4D /* Sources */ = {
			isa = PBXSourcesBuildPhase;
			buildActionMask = 2147483647;
			files = (
				FB5ED80C28233F2400A691BA /* HechoCompleto.swift in Sources */,
				FBDE7FED2821ED9400ABBB4D /* Login.swift in Sources */,
				FB5ED80E28233F2400A691BA /* ParoElement.swift in Sources */,
				FB5ED80D28233F2400A691BA /* PedidoPendiente.swift in Sources */,
				FBDE7FF52823379C00ABBB4D /* Perfil.swift in Sources */,
				FBDE7FF32821F5C300ABBB4D /* NavegacionPrincipal.swift in Sources */,
				FB5ED81228233F2400A691BA /* ElementoListaParo.swift in Sources */,
				FB5ED80F28233F2400A691BA /* PedidoCompleto.swift in Sources */,
				FBDE7FF12821F5A100ABBB4D /* FeedFavores.swift in Sources */,
				FBDE7FEF2821F34C00ABBB4D /* Registrar.swift in Sources */,
				FBDE7FE12821E74300ABBB4D /* ContentView.swift in Sources */,
				FB5ED81128233F2400A691BA /* HechoPendiente.swift in Sources */,
				FB5ED81028233F2400A691BA /* DetalleFavor.swift in Sources */,
				FBDE7FDF2821E74300ABBB4D /* HazParoAnahuacApp.swift in Sources */,
			);
			runOnlyForDeploymentPostprocessing = 0;
		};
/* End PBXSourcesBuildPhase section */

/* Begin XCBuildConfiguration section */
		FBDE7FE72821E74D00ABBB4D /* Debug */ = {
			isa = XCBuildConfiguration;
			buildSettings = {
				ALWAYS_SEARCH_USER_PATHS = NO;
				CLANG_ANALYZER_NONNULL = YES;
				CLANG_ANALYZER_NUMBER_OBJECT_CONVERSION = YES_AGGRESSIVE;
				CLANG_CXX_LANGUAGE_STANDARD = "gnu++17";
				CLANG_CXX_LIBRARY = "libc++";
				CLANG_ENABLE_MODULES = YES;
				CLANG_ENABLE_OBJC_ARC = YES;
				CLANG_ENABLE_OBJC_WEAK = YES;
				CLANG_WARN_BLOCK_CAPTURE_AUTORELEASING = YES;
				CLANG_WARN_BOOL_CONVERSION = YES;
				CLANG_WARN_COMMA = YES;
				CLANG_WARN_CONSTANT_CONVERSION = YES;
				CLANG_WARN_DEPRECATED_OBJC_IMPLEMENTATIONS = YES;
				CLANG_WARN_DIRECT_OBJC_ISA_USAGE = YES_ERROR;
				CLANG_WARN_DOCUMENTATION_COMMENTS = YES;
				CLANG_WARN_EMPTY_BODY = YES;
				CLANG_WARN_ENUM_CONVERSION = YES;
				CLANG_WARN_INFINITE_RECURSION = YES;
				CLANG_WARN_INT_CONVERSION = YES;
				CLANG_WARN_NON_LITERAL_NULL_CONVERSION = YES;
				CLANG_WARN_OBJC_IMPLICIT_RETAIN_SELF = YES;
				CLANG_WARN_OBJC_LITERAL_CONVERSION = YES;
				CLANG_WARN_OBJC_ROOT_CLASS = YES_ERROR;
				CLANG_WARN_QUOTED_INCLUDE_IN_FRAMEWORK_HEADER = YES;
				CLANG_WARN_RANGE_LOOP_ANALYSIS = YES;
				CLANG_WARN_STRICT_PROTOTYPES = YES;
				CLANG_WARN_SUSPICIOUS_MOVE = YES;
				CLANG_WARN_UNGUARDED_AVAILABILITY = YES_AGGRESSIVE;
				CLANG_WARN_UNREACHABLE_CODE = YES;
				CLANG_WARN__DUPLICATE_METHOD_MATCH = YES;
				COPY_PHASE_STRIP = NO;
				DEBUG_INFORMATION_FORMAT = dwarf;
				ENABLE_STRICT_OBJC_MSGSEND = YES;
				ENABLE_TESTABILITY = YES;
				GCC_C_LANGUAGE_STANDARD = gnu11;
				GCC_DYNAMIC_NO_PIC = NO;
				GCC_NO_COMMON_BLOCKS = YES;
				GCC_OPTIMIZATION_LEVEL = 0;
				GCC_PREPROCESSOR_DEFINITIONS = (
					"DEBUG=1",
					"$(inherited)",
				);
				GCC_WARN_64_TO_32_BIT_CONVERSION = YES;
				GCC_WARN_ABOUT_RETURN_TYPE = YES_ERROR;
				GCC_WARN_UNDECLARED_SELECTOR = YES;
				GCC_WARN_UNINITIALIZED_AUTOS = YES_AGGRESSIVE;
				GCC_WARN_UNUSED_FUNCTION = YES;
				GCC_WARN_UNUSED_VARIABLE = YES;
				IPHONEOS_DEPLOYMENT_TARGET = 15.2;
				MTL_ENABLE_DEBUG_INFO = INCLUDE_SOURCE;
				MTL_FAST_MATH = YES;
				ONLY_ACTIVE_ARCH = YES;
				SDKROOT = iphoneos;
				SWIFT_ACTIVE_COMPILATION_CONDITIONS = DEBUG;
				SWIFT_OPTIMIZATION_LEVEL = "-Onone";
			};
			name = Debug;
		};
		FBDE7FE82821E74D00ABBB4D /* Release */ = {
			isa = XCBuildConfiguration;
			buildSettings = {
				ALWAYS_SEARCH_USER_PATHS = NO;
				CLANG_ANALYZER_NONNULL = YES;
				CLANG_ANALYZER_NUMBER_OBJECT_CONVERSION = YES_AGGRESSIVE;
				CLANG_CXX_LANGUAGE_STANDARD = "gnu++17";
				CLANG_CXX_LIBRARY = "libc++";
				CLANG_ENABLE_MODULES = YES;
				CLANG_ENABLE_OBJC_ARC = YES;
				CLANG_ENABLE_OBJC_WEAK = YES;
				CLANG_WARN_BLOCK_CAPTURE_AUTORELEASING = YES;
				CLANG_WARN_BOOL_CONVERSION = YES;
				CLANG_WARN_COMMA = YES;
				CLANG_WARN_CONSTANT_CONVERSION = YES;
				CLANG_WARN_DEPRECATED_OBJC_IMPLEMENTATIONS = YES;
				CLANG_WARN_DIRECT_OBJC_ISA_USAGE = YES_ERROR;
				CLANG_WARN_DOCUMENTATION_COMMENTS = YES;
				CLANG_WARN_EMPTY_BODY = YES;
				CLANG_WARN_ENUM_CONVERSION = YES;
				CLANG_WARN_INFINITE_RECURSION = YES;
				CLANG_WARN_INT_CONVERSION = YES;
				CLANG_WARN_NON_LITERAL_NULL_CONVERSION = YES;
				CLANG_WARN_OBJC_IMPLICIT_RETAIN_SELF = YES;
				CLANG_WARN_OBJC_LITERAL_CONVERSION = YES;
				CLANG_WARN_OBJC_ROOT_CLASS = YES_ERROR;
				CLANG_WARN_QUOTED_INCLUDE_IN_FRAMEWORK_HEADER = YES;
				CLANG_WARN_RANGE_LOOP_ANALYSIS = YES;
				CLANG_WARN_STRICT_PROTOTYPES = YES;
				CLANG_WARN_SUSPICIOUS_MOVE = YES;
				CLANG_WARN_UNGUARDED_AVAILABILITY = YES_AGGRESSIVE;
				CLANG_WARN_UNREACHABLE_CODE = YES;
				CLANG_WARN__DUPLICATE_METHOD_MATCH = YES;
				COPY_PHASE_STRIP = NO;
				DEBUG_INFORMATION_FORMAT = "dwarf-with-dsym";
				ENABLE_NS_ASSERTIONS = NO;
				ENABLE_STRICT_OBJC_MSGSEND = YES;
				GCC_C_LANGUAGE_STANDARD = gnu11;
				GCC_NO_COMMON_BLOCKS = YES;
				GCC_WARN_64_TO_32_BIT_CONVERSION = YES;
				GCC_WARN_ABOUT_RETURN_TYPE = YES_ERROR;
				GCC_WARN_UNDECLARED_SELECTOR = YES;
				GCC_WARN_UNINITIALIZED_AUTOS = YES_AGGRESSIVE;
				GCC_WARN_UNUSED_FUNCTION = YES;
				GCC_WARN_UNUSED_VARIABLE = YES;
				IPHONEOS_DEPLOYMENT_TARGET = 15.2;
				MTL_ENABLE_DEBUG_INFO = NO;
				MTL_FAST_MATH = YES;
				SDKROOT = iphoneos;
				SWIFT_COMPILATION_MODE = wholemodule;
				SWIFT_OPTIMIZATION_LEVEL = "-O";
				VALIDATE_PRODUCT = YES;
			};
			name = Release;
		};
		FBDE7FEA2821E74D00ABBB4D /* Debug */ = {
			isa = XCBuildConfiguration;
			buildSettings = {
				ASSETCATALOG_COMPILER_APPICON_NAME = AppIcon;
				ASSETCATALOG_COMPILER_GLOBAL_ACCENT_COLOR_NAME = AccentColor;
				CODE_SIGN_STYLE = Automatic;
				CURRENT_PROJECT_VERSION = 1;
				DEVELOPMENT_ASSET_PATHS = "\"HazParoAnahuac/Preview Content\"";
				ENABLE_PREVIEWS = YES;
				GENERATE_INFOPLIST_FILE = YES;
				INFOPLIST_KEY_UIApplicationSceneManifest_Generation = YES;
				INFOPLIST_KEY_UIApplicationSupportsIndirectInputEvents = YES;
				INFOPLIST_KEY_UILaunchScreen_Generation = YES;
				INFOPLIST_KEY_UISupportedInterfaceOrientations_iPad = "UIInterfaceOrientationPortrait UIInterfaceOrientationPortraitUpsideDown UIInterfaceOrientationLandscapeLeft UIInterfaceOrientationLandscapeRight";
				INFOPLIST_KEY_UISupportedInterfaceOrientations_iPhone = "UIInterfaceOrientationPortrait UIInterfaceOrientationLandscapeLeft UIInterfaceOrientationLandscapeRight";
				LD_RUNPATH_SEARCH_PATHS = (
					"$(inherited)",
					"@executable_path/Frameworks",
				);
				MARKETING_VERSION = 1.0;
				PRODUCT_BUNDLE_IDENTIFIER = hdzalv.HazParoAnahuac;
				PRODUCT_NAME = "$(TARGET_NAME)";
				SWIFT_EMIT_LOC_STRINGS = YES;
				SWIFT_VERSION = 5.0;
				TARGETED_DEVICE_FAMILY = "1,2";
			};
			name = Debug;
		};
		FBDE7FEB2821E74D00ABBB4D /* Release */ = {
			isa = XCBuildConfiguration;
			buildSettings = {
				ASSETCATALOG_COMPILER_APPICON_NAME = AppIcon;
				ASSETCATALOG_COMPILER_GLOBAL_ACCENT_COLOR_NAME = AccentColor;
				CODE_SIGN_STYLE = Automatic;
				CURRENT_PROJECT_VERSION = 1;
				DEVELOPMENT_ASSET_PATHS = "\"HazParoAnahuac/Preview Content\"";
				ENABLE_PREVIEWS = YES;
				GENERATE_INFOPLIST_FILE = YES;
				INFOPLIST_KEY_UIApplicationSceneManifest_Generation = YES;
				INFOPLIST_KEY_UIApplicationSupportsIndirectInputEvents = YES;
				INFOPLIST_KEY_UILaunchScreen_Generation = YES;
				INFOPLIST_KEY_UISupportedInterfaceOrientations_iPad = "UIInterfaceOrientationPortrait UIInterfaceOrientationPortraitUpsideDown UIInterfaceOrientationLandscapeLeft UIInterfaceOrientationLandscapeRight";
				INFOPLIST_KEY_UISupportedInterfaceOrientations_iPhone = "UIInterfaceOrientationPortrait UIInterfaceOrientationLandscapeLeft UIInterfaceOrientationLandscapeRight";
				LD_RUNPATH_SEARCH_PATHS = (
					"$(inherited)",
					"@executable_path/Frameworks",
				);
				MARKETING_VERSION = 1.0;
				PRODUCT_BUNDLE_IDENTIFIER = hdzalv.HazParoAnahuac;
				PRODUCT_NAME = "$(TARGET_NAME)";
				SWIFT_EMIT_LOC_STRINGS = YES;
				SWIFT_VERSION = 5.0;
				TARGETED_DEVICE_FAMILY = "1,2";
			};
			name = Release;
		};
/* End XCBuildConfiguration section */

/* Begin XCConfigurationList section */
		FBDE7FD62821E74300ABBB4D /* Build configuration list for PBXProject "HazParoAnahuac" */ = {
			isa = XCConfigurationList;
			buildConfigurations = (
				FBDE7FE72821E74D00ABBB4D /* Debug */,
				FBDE7FE82821E74D00ABBB4D /* Release */,
			);
			defaultConfigurationIsVisible = 0;
			defaultConfigurationName = Release;
		};
		FBDE7FE92821E74D00ABBB4D /* Build configuration list for PBXNativeTarget "HazParoAnahuac" */ = {
			isa = XCConfigurationList;
			buildConfigurations = (
				FBDE7FEA2821E74D00ABBB4D /* Debug */,
				FBDE7FEB2821E74D00ABBB4D /* Release */,
			);
			defaultConfigurationIsVisible = 0;
			defaultConfigurationName = Release;
		};
/* End XCConfigurationList section */
	};
	rootObject = FBDE7FD32821E74300ABBB4D /* Project object */;
}
